
Microsoft Visual Studio Solution File, Format Version 12.00
# Visual Studio Version 17
VisualStudioVersion = 17.6.33829.357
MinimumVisualStudioVersion = 10.0.40219.1
Project("{FAE04EC0-301F-11D3-BF4B-00C04F79EFBC}") = "ИС-Конференция", "ИС-Конференция\ИС-Конференция.csproj", "{EAD53218-E20E-4EF0-89CE-350C032E7E07}"
EndProject
Global
	GlobalSection(SolutionConfigurationPlatforms) = preSolution
		Debug|Any CPU = Debug|Any CPU
		Release|Any CPU = Release|Any CPU
	EndGlobalSection
	GlobalSection(ProjectConfigurationPlatforms) = postSolution
		{EAD53218-E20E-4EF0-89CE-350C032E7E07}.Debug|Any CPU.ActiveCfg = Debug|Any CPU
		{EAD53218-E20E-4EF0-89CE-350C032E7E07}.Debug|Any CPU.Build.0 = Debug|Any CPU
		{EAD53218-E20E-4EF0-89CE-350C032E7E07}.Release|Any CPU.ActiveCfg = Release|Any CPU
		{EAD53218-E20E-4EF0-89CE-350C032E7E07}.Release|Any CPU.Build.0 = Release|Any CPU
	EndGlobalSection
	GlobalSection(SolutionProperties) = preSolution
		HideSolutionNode = FALSE
	EndGlobalSection
	GlobalSection(ExtensibilityGlobals) = postSolution
		SolutionGuid = {36E06BC0-1E4C-47FD-BE46-A5A54A533F37}
	EndGlobalSection
EndGlobal
